
Microsoft Visual Studio Solution File, Format Version 12.00
# Visual Studio Version 16
VisualStudioVersion = 16.0.30907.101
MinimumVisualStudioVersion = 10.0.40219.1
Project("{9A19103F-16F7-4668-BE54-9A1E7A4F7556}") = "FutureValue", "FutureValue\FutureValue.csproj", "{1D3AEDA4-65A3-4B47-8725-6C85AF811E17}"
EndProject
Project("{FAE04EC0-301F-11D3-BF4B-00C04F79EFBC}") = "Module3Tests", "Module3Tests\Module3Tests.csproj", "{36FFC16C-B921-4AD1-8879-3CDA365C7C1D}"
EndProject
Global
	GlobalSection(SolutionConfigurationPlatforms) = preSolution
		Debug|Any CPU = Debug|Any CPU
		Release|Any CPU = Release|Any CPU
	EndGlobalSection
	GlobalSection(ProjectConfigurationPlatforms) = postSolution
		{1D3AEDA4-65A3-4B47-8725-6C85AF811E17}.Debug|Any CPU.ActiveCfg = Debug|Any CPU
		{1D3AEDA4-65A3-4B47-8725-6C85AF811E17}.Debug|Any CPU.Build.0 = Debug|Any CPU
		{1D3AEDA4-65A3-4B47-8725-6C85AF811E17}.Release|Any CPU.ActiveCfg = Release|Any CPU
		{1D3AEDA4-65A3-4B47-8725-6C85AF811E17}.Release|Any CPU.Build.0 = Release|Any CPU
		{36FFC16C-B921-4AD1-8879-3CDA365C7C1D}.Debug|Any CPU.ActiveCfg = Debug|Any CPU
		{36FFC16C-B921-4AD1-8879-3CDA365C7C1D}.Debug|Any CPU.Build.0 = Debug|Any CPU
		{36FFC16C-B921-4AD1-8879-3CDA365C7C1D}.Release|Any CPU.ActiveCfg = Release|Any CPU
		{36FFC16C-B921-4AD1-8879-3CDA365C7C1D}.Release|Any CPU.Build.0 = Release|Any CPU
	EndGlobalSection
	GlobalSection(SolutionProperties) = preSolution
		HideSolutionNode = FALSE
	EndGlobalSection
	GlobalSection(ExtensibilityGlobals) = postSolution
		SolutionGuid = {4E2DD557-C914-4D0E-BE96-6440593D3FC2}
	EndGlobalSection
EndGlobal
